
Microsoft Visual Studio Solution File, Format Version 12.00
# Visual Studio 15
VisualStudioVersion = 15.0.27428.2027
MinimumVisualStudioVersion = 10.0.40219.1
Project("{FAE04EC0-301F-11D3-BF4B-00C04F79EFBC}") = "TTN1", "TTN1\TTN1.csproj", "{C6AD5292-3327-4BA8-B06F-0E983052780F}"
EndProject
Global
	GlobalSection(SolutionConfigurationPlatforms) = preSolution
		Debug|Any CPU = Debug|Any CPU
		Release|Any CPU = Release|Any CPU
	EndGlobalSection
	GlobalSection(ProjectConfigurationPlatforms) = postSolution
		{C6AD5292-3327-4BA8-B06F-0E983052780F}.Debug|Any CPU.ActiveCfg = Debug|Any CPU
		{C6AD5292-3327-4BA8-B06F-0E983052780F}.Debug|Any CPU.Build.0 = Debug|Any CPU
		{C6AD5292-3327-4BA8-B06F-0E983052780F}.Release|Any CPU.ActiveCfg = Release|Any CPU
		{C6AD5292-3327-4BA8-B06F-0E983052780F}.Release|Any CPU.Build.0 = Release|Any CPU
	EndGlobalSection
	GlobalSection(SolutionProperties) = preSolution
		HideSolutionNode = FALSE
	EndGlobalSection
	GlobalSection(ExtensibilityGlobals) = postSolution
		SolutionGuid = {C361849F-CD1E-4070-B954-5A9B169B0FD3}
	EndGlobalSection
EndGlobal
